version: 6
environments:
  default:
    channels:
    - url: https://conda.anaconda.org/conda-forge/
    indexes:
    - https://pypi.org/simple
    packages:
      linux-64:
      - conda: https://conda.anaconda.org/conda-forge/linux-64/_libgcc_mutex-0.1-conda_forge.tar.bz2
      - conda: https://conda.anaconda.org/conda-forge/linux-64/_openmp_mutex-4.5-2_gnu.tar.bz2
      - conda: https://conda.anaconda.org/conda-forge/noarch/annotated-types-0.7.0-pyhd8ed1ab_1.conda
      - conda: https://conda.anaconda.org/conda-forge/noarch/backports.zstd-1.2.0-py314h680f03e_0.conda
      - conda: https://conda.anaconda.org/conda-forge/linux-64/brotli-python-1.2.0-py314h3de4e8d_1.conda
      - conda: https://conda.anaconda.org/conda-forge/linux-64/bzip2-1.0.8-hda65f42_8.conda
      - conda: https://conda.anaconda.org/conda-forge/noarch/ca-certificates-2025.11.12-hbd8a1cb_0.conda
      - conda: https://conda.anaconda.org/conda-forge/noarch/certifi-2025.11.12-pyhd8ed1ab_0.conda
      - conda: https://conda.anaconda.org/conda-forge/noarch/charset-normalizer-3.4.4-pyhd8ed1ab_0.conda
      - conda: https://conda.anaconda.org/conda-forge/noarch/h2-4.3.0-pyhcf101f3_0.conda
      - conda: https://conda.anaconda.org/conda-forge/noarch/hpack-4.1.0-pyhd8ed1ab_0.conda
      - conda: https://conda.anaconda.org/conda-forge/noarch/hyperframe-6.1.0-pyhd8ed1ab_0.conda
      - conda: https://conda.anaconda.org/conda-forge/noarch/idna-3.11-pyhd8ed1ab_0.conda
      - conda: https://conda.anaconda.org/conda-forge/noarch/jinja2-3.1.6-pyhcf101f3_1.conda
      - conda: https://conda.anaconda.org/conda-forge/linux-64/ld_impl_linux-64-2.45-default_hbd61a6d_104.conda
      - conda: https://conda.anaconda.org/conda-forge/linux-64/libexpat-2.7.3-hecca717_0.conda
      - conda: https://conda.anaconda.org/conda-forge/linux-64/libffi-3.5.2-h9ec8514_0.conda
      - conda: https://conda.anaconda.org/conda-forge/linux-64/libgcc-15.2.0-he0feb66_16.conda
      - conda: https://conda.anaconda.org/conda-forge/linux-64/libgomp-15.2.0-he0feb66_16.conda
      - conda: https://conda.anaconda.org/conda-forge/linux-64/liblzma-5.8.1-hb9d3cd8_2.conda
      - conda: https://conda.anaconda.org/conda-forge/linux-64/libmpdec-4.0.0-hb9d3cd8_0.conda
      - conda: https://conda.anaconda.org/conda-forge/linux-64/libsqlite-3.51.1-h0c1763c_0.conda
      - conda: https://conda.anaconda.org/conda-forge/linux-64/libstdcxx-15.2.0-h934c35e_16.conda
      - conda: https://conda.anaconda.org/conda-forge/linux-64/libuuid-2.41.2-h5347b49_1.conda
      - conda: https://conda.anaconda.org/conda-forge/linux-64/libzlib-1.3.1-hb9d3cd8_2.conda
      - conda: https://conda.anaconda.org/conda-forge/noarch/markupsafe-3.0.3-pyh7db6752_0.conda
      - conda: https://conda.anaconda.org/conda-forge/linux-64/ncurses-6.5-h2d0b736_3.conda
      - conda: https://conda.anaconda.org/conda-forge/linux-64/openssl-3.6.0-h26f9b46_0.conda
      - conda: https://conda.anaconda.org/conda-forge/linux-64/pandoc-3.8.3-ha770c72_0.conda
      - conda: https://conda.anaconda.org/conda-forge/noarch/pydantic-2.12.5-pyhcf101f3_1.conda
      - conda: https://conda.anaconda.org/conda-forge/linux-64/pydantic-core-2.41.5-py314h2e6c369_1.conda
      - conda: https://conda.anaconda.org/conda-forge/noarch/pypandoc-1.16.2-pyhd8ed1ab_0.conda
      - conda: https://conda.anaconda.org/conda-forge/noarch/pysocks-1.7.1-pyha55dd90_7.conda
      - conda: https://conda.anaconda.org/conda-forge/linux-64/python-3.14.2-h32b2ec7_100_cp314.conda
      - conda: https://conda.anaconda.org/conda-forge/noarch/python_abi-3.14-8_cp314.conda
      - conda: https://conda.anaconda.org/conda-forge/linux-64/readline-8.2-h8c095d6_2.conda
      - conda: https://conda.anaconda.org/conda-forge/noarch/requests-2.32.5-pyhd8ed1ab_0.conda
      - conda: https://conda.anaconda.org/conda-forge/linux-64/tk-8.6.13-noxft_ha0e22de_103.conda
      - conda: https://conda.anaconda.org/conda-forge/noarch/typing-extensions-4.15.0-h396c80c_0.conda
      - conda: https://conda.anaconda.org/conda-forge/noarch/typing-inspection-0.4.2-pyhd8ed1ab_1.conda
      - conda: https://conda.anaconda.org/conda-forge/noarch/typing_extensions-4.15.0-pyhcf101f3_0.conda
      - conda: https://conda.anaconda.org/conda-forge/noarch/tzdata-2025b-h78e105d_0.conda
      - conda: https://conda.anaconda.org/conda-forge/noarch/urllib3-2.6.1-pyhd8ed1ab_0.conda
      - conda: https://conda.anaconda.org/conda-forge/linux-64/zstd-1.5.7-hb78ec9c_6.conda
      - pypi: https://files.pythonhosted.org/packages/4e/eb/c96d64137e29ae17d83ad2552470bafe3a7a915e85434d9942077d7fd011/feedparser-6.0.12-py3-none-any.whl
      - pypi: https://files.pythonhosted.org/packages/9e/bd/3704a8c3e0942d711c1299ebf7b9091930adae6675d7c8f476a7ce48653c/sgmllib3k-1.0.0.tar.gz
  lint:
    channels:
    - url: https://conda.anaconda.org/conda-forge/
    packages:
      linux-64:
      - conda: https://conda.anaconda.org/conda-forge/linux-64/_libgcc_mutex-0.1-conda_forge.tar.bz2
      - conda: https://conda.anaconda.org/conda-forge/linux-64/_openmp_mutex-4.5-2_gnu.tar.bz2
      - conda: https://conda.anaconda.org/conda-forge/linux-64/bzip2-1.0.8-hda65f42_8.conda
      - conda: https://conda.anaconda.org/conda-forge/noarch/ca-certificates-2025.11.12-hbd8a1cb_0.conda
      - conda: https://conda.anaconda.org/conda-forge/noarch/cfgv-3.5.0-pyhd8ed1ab_0.conda
      - conda: https://conda.anaconda.org/conda-forge/noarch/distlib-0.4.0-pyhd8ed1ab_0.conda
      - conda: https://conda.anaconda.org/conda-forge/noarch/filelock-3.20.0-pyhd8ed1ab_0.conda
      - conda: https://conda.anaconda.org/conda-forge/noarch/identify-1.2.2-py_0.tar.bz2
      - conda: https://conda.anaconda.org/conda-forge/linux-64/ld_impl_linux-64-2.45-default_hbd61a6d_104.conda
      - conda: https://conda.anaconda.org/conda-forge/linux-64/libexpat-2.7.3-hecca717_0.conda
      - conda: https://conda.anaconda.org/conda-forge/linux-64/libffi-3.5.2-h9ec8514_0.conda
      - conda: https://conda.anaconda.org/conda-forge/linux-64/libgcc-15.2.0-he0feb66_16.conda
      - conda: https://conda.anaconda.org/conda-forge/linux-64/libgomp-15.2.0-he0feb66_16.conda
      - conda: https://conda.anaconda.org/conda-forge/linux-64/liblzma-5.8.1-hb9d3cd8_2.conda
      - conda: https://conda.anaconda.org/conda-forge/linux-64/libmpdec-4.0.0-hb9d3cd8_0.conda
      - conda: https://conda.anaconda.org/conda-forge/linux-64/libsqlite-3.51.1-h0c1763c_0.conda
      - conda: https://conda.anaconda.org/conda-forge/linux-64/libuuid-2.41.2-h5347b49_1.conda
      - conda: https://conda.anaconda.org/conda-forge/linux-64/libzlib-1.3.1-hb9d3cd8_2.conda
      - conda: https://conda.anaconda.org/conda-forge/linux-64/mypy-1.19.0-py314h56549f7_1.conda
      - conda: https://conda.anaconda.org/conda-forge/noarch/mypy_extensions-1.1.0-pyha770c72_0.conda
      - conda: https://conda.anaconda.org/conda-forge/linux-64/ncurses-6.5-h2d0b736_3.conda
      - conda: https://conda.anaconda.org/conda-forge/noarch/nodeenv-1.9.1-pyhd8ed1ab_1.conda
      - conda: https://conda.anaconda.org/conda-forge/linux-64/openssl-3.6.0-h26f9b46_0.conda
      - conda: https://conda.anaconda.org/conda-forge/noarch/pathspec-0.12.1-pyhd8ed1ab_1.conda
      - conda: https://conda.anaconda.org/conda-forge/noarch/platformdirs-4.5.1-pyhcf101f3_0.conda
      - conda: https://conda.anaconda.org/conda-forge/noarch/pre-commit-4.5.0-pyha770c72_0.conda
      - conda: https://conda.anaconda.org/conda-forge/linux-64/psutil-7.1.3-py314h3f2afee_0.conda
      - conda: https://conda.anaconda.org/conda-forge/linux-64/python-3.14.2-he1279bd_0_cp314t.conda
      - conda: https://conda.anaconda.org/conda-forge/linux-64/python-librt-0.7.3-py314h3f2afee_0.conda
      - conda: https://conda.anaconda.org/conda-forge/noarch/python_abi-3.14-8_cp314t.conda
      - conda: https://conda.anaconda.org/conda-forge/noarch/pyyaml-6.0.3-pyh7db6752_0.conda
      - conda: https://conda.anaconda.org/conda-forge/linux-64/readline-8.2-h8c095d6_2.conda
      - conda: https://conda.anaconda.org/conda-forge/linux-64/ruff-0.14.8-h813ae00_0.conda
      - conda: https://conda.anaconda.org/conda-forge/noarch/setuptools-80.9.0-pyhff2d567_0.conda
      - conda: https://conda.anaconda.org/conda-forge/linux-64/tk-8.6.13-noxft_ha0e22de_103.conda
      - conda: https://conda.anaconda.org/conda-forge/noarch/typing_extensions-4.15.0-pyhcf101f3_0.conda
      - conda: https://conda.anaconda.org/conda-forge/noarch/tzdata-2025b-h78e105d_0.conda
      - conda: https://conda.anaconda.org/conda-forge/noarch/virtualenv-20.35.4-pyhd8ed1ab_0.conda
      - conda: https://conda.anaconda.org/conda-forge/linux-64/yaml-0.2.5-h280c20c_3.conda
      - conda: https://conda.anaconda.org/conda-forge/linux-64/zstd-1.5.7-hb78ec9c_6.conda
packages:
- conda: https://conda.anaconda.org/conda-forge/linux-64/_libgcc_mutex-0.1-conda_forge.tar.bz2
  sha256: fe51de6107f9edc7aa4f786a70f4a883943bc9d39b3bb7307c04c41410990726
  md5: d7c89558ba9fa0495403155b64376d81
  license: None
  purls: []
  size: 2562
  timestamp: 1578324546067
- conda: https://conda.anaconda.org/conda-forge/linux-64/_openmp_mutex-4.5-2_gnu.tar.bz2
  build_number: 16
  sha256: fbe2c5e56a653bebb982eda4876a9178aedfc2b545f25d0ce9c4c0b508253d22
  md5: 73aaf86a425cc6e73fcf236a5a46396d
  depends:
  - _libgcc_mutex 0.1 conda_forge
  - libgomp >=7.5.0
  constrains:
  - openmp_impl 9999
  license: BSD-3-Clause
  license_family: BSD
  purls: []
  size: 23621
  timestamp: 1650670423406
- conda: https://conda.anaconda.org/conda-forge/noarch/annotated-types-0.7.0-pyhd8ed1ab_1.conda
  sha256: e0ea1ba78fbb64f17062601edda82097fcf815012cf52bb704150a2668110d48
  md5: 2934f256a8acfe48f6ebb4fce6cde29c
  depends:
  - python >=3.9
  - typing-extensions >=4.0.0
  license: MIT
  license_family: MIT
  purls:
  - pkg:pypi/annotated-types?source=hash-mapping
  size: 18074
  timestamp: 1733247158254
- conda: https://conda.anaconda.org/conda-forge/noarch/backports.zstd-1.2.0-py314h680f03e_0.conda
  noarch: generic
  sha256: de90f762aecfa4b8680ae7299398bd4a1634870a01db8351e5e22affc6bbf313
  md5: 25e227ee028a17c2f2ef6eaf97e86734
  depends:
  - python >=3.14
  license: BSD-3-Clause AND MIT AND EPL-2.0
  purls: []
  size: 7512
  timestamp: 1765057691766
- conda: https://conda.anaconda.org/conda-forge/linux-64/brotli-python-1.2.0-py314h3de4e8d_1.conda
  sha256: 3ad3500bff54a781c29f16ce1b288b36606e2189d0b0ef2f67036554f47f12b0
  md5: 8910d2c46f7e7b519129f486e0fe927a
  depends:
  - __glibc >=2.17,<3.0.a0
  - libgcc >=14
  - libstdcxx >=14
  - python >=3.14,<3.15.0a0
  - python_abi 3.14.* *_cp314
  constrains:
  - libbrotlicommon 1.2.0 hb03c661_1
  license: MIT
  license_family: MIT
  purls:
  - pkg:pypi/brotli?source=hash-mapping
  size: 367376
  timestamp: 1764017265553
- conda: https://conda.anaconda.org/conda-forge/linux-64/bzip2-1.0.8-hda65f42_8.conda
  sha256: c30daba32ddebbb7ded490f0e371eae90f51e72db620554089103b4a6934b0d5
  md5: 51a19bba1b8ebfb60df25cde030b7ebc
  depends:
  - __glibc >=2.17,<3.0.a0
  - libgcc >=14
  license: bzip2-1.0.6
  license_family: BSD
  purls: []
  size: 260341
  timestamp: 1757437258798
- conda: https://conda.anaconda.org/conda-forge/noarch/ca-certificates-2025.11.12-hbd8a1cb_0.conda
  sha256: b986ba796d42c9d3265602bc038f6f5264095702dd546c14bc684e60c385e773
  md5: f0991f0f84902f6b6009b4d2350a83aa
  depends:
  - __unix
  license: ISC
  purls: []
  size: 152432
  timestamp: 1762967197890
- conda: https://conda.anaconda.org/conda-forge/noarch/certifi-2025.11.12-pyhd8ed1ab_0.conda
  sha256: 083a2bdad892ccf02b352ecab38ee86c3e610ba9a4b11b073ea769d55a115d32
  md5: 96a02a5c1a65470a7e4eedb644c872fd
  depends:
  - python >=3.10
  license: ISC
  purls:
  - pkg:pypi/certifi?source=compressed-mapping
  size: 157131
  timestamp: 1762976260320
- conda: https://conda.anaconda.org/conda-forge/noarch/cfgv-3.5.0-pyhd8ed1ab_0.conda
  sha256: aa589352e61bb221351a79e5946d56916e3c595783994884accdb3b97fe9d449
  md5: 381bd45fb7aa032691f3063aff47e3a1
  depends:
  - python >=3.10
  license: MIT
  license_family: MIT
  size: 13589
  timestamp: 1763607964133
- conda: https://conda.anaconda.org/conda-forge/noarch/charset-normalizer-3.4.4-pyhd8ed1ab_0.conda
  sha256: b32f8362e885f1b8417bac2b3da4db7323faa12d5db62b7fd6691c02d60d6f59
  md5: a22d1fd9bf98827e280a02875d9a007a
  depends:
  - python >=3.10
  license: MIT
  license_family: MIT
  purls:
  - pkg:pypi/charset-normalizer?source=hash-mapping
  size: 50965
  timestamp: 1760437331772
- conda: https://conda.anaconda.org/conda-forge/noarch/distlib-0.4.0-pyhd8ed1ab_0.conda
  sha256: 6d977f0b2fc24fee21a9554389ab83070db341af6d6f09285360b2e09ef8b26e
  md5: 003b8ba0a94e2f1e117d0bd46aebc901
  depends:
  - python >=3.9
  license: Apache-2.0
  license_family: APACHE
  size: 275642
  timestamp: 1752823081585
- pypi: https://files.pythonhosted.org/packages/4e/eb/c96d64137e29ae17d83ad2552470bafe3a7a915e85434d9942077d7fd011/feedparser-6.0.12-py3-none-any.whl
  name: feedparser
  version: 6.0.12
  sha256: 6bbff10f5a52662c00a2e3f86a38928c37c48f77b3c511aedcd51de933549324
  requires_dist:
  - sgmllib3k
  requires_python: '>=3.6'
- conda: https://conda.anaconda.org/conda-forge/noarch/filelock-3.20.0-pyhd8ed1ab_0.conda
  sha256: 19025a4078ff3940d97eb0da29983d5e0deac9c3e09b0eabf897daeaf9d1114e
  md5: 66b8b26023b8efdf8fcb23bac4b6325d
  depends:
  - python >=3.10
  license: Unlicense
  size: 17976
  timestamp: 1759948208140
- conda: https://conda.anaconda.org/conda-forge/noarch/h2-4.3.0-pyhcf101f3_0.conda
  sha256: 84c64443368f84b600bfecc529a1194a3b14c3656ee2e832d15a20e0329b6da3
  md5: 164fc43f0b53b6e3a7bc7dce5e4f1dc9
  depends:
  - python >=3.10
  - hyperframe >=6.1,<7
  - hpack >=4.1,<5
  - python
  license: MIT
  license_family: MIT
  purls:
  - pkg:pypi/h2?source=compressed-mapping
  size: 95967
  timestamp: 1756364871835
- conda: https://conda.anaconda.org/conda-forge/noarch/hpack-4.1.0-pyhd8ed1ab_0.conda
  sha256: 6ad78a180576c706aabeb5b4c8ceb97c0cb25f1e112d76495bff23e3779948ba
  md5: 0a802cb9888dd14eeefc611f05c40b6e
  depends:
  - python >=3.9
  license: MIT
  license_family: MIT
  purls:
  - pkg:pypi/hpack?source=hash-mapping
  size: 30731
  timestamp: 1737618390337
- conda: https://conda.anaconda.org/conda-forge/noarch/hyperframe-6.1.0-pyhd8ed1ab_0.conda
  sha256: 77af6f5fe8b62ca07d09ac60127a30d9069fdc3c68d6b256754d0ffb1f7779f8
  md5: 8e6923fc12f1fe8f8c4e5c9f343256ac
  depends:
  - python >=3.9
  license: MIT
  license_family: MIT
  purls:
  - pkg:pypi/hyperframe?source=hash-mapping
  size: 17397
  timestamp: 1737618427549
- conda: https://conda.anaconda.org/conda-forge/noarch/identify-1.2.2-py_0.tar.bz2
  sha256: 8b7a313fb8a50936b32054a01dd044874616e35b4e239bb7d2a42e30e7ab0a5d
  md5: 4b64d3379406ae93336bbc6ea9f5128a
  depends:
  - python
  license: MIT
  license_family: MIT
  size: 11608
  timestamp: 1550184469537
- conda: https://conda.anaconda.org/conda-forge/noarch/idna-3.11-pyhd8ed1ab_0.conda
  sha256: ae89d0299ada2a3162c2614a9d26557a92aa6a77120ce142f8e0109bbf0342b0
  md5: 53abe63df7e10a6ba605dc5f9f961d36
  depends:
  - python >=3.10
  license: BSD-3-Clause
  license_family: BSD
  purls:
  - pkg:pypi/idna?source=hash-mapping
  size: 50721
  timestamp: 1760286526795
- conda: https://conda.anaconda.org/conda-forge/noarch/jinja2-3.1.6-pyhcf101f3_1.conda
  sha256: fc9ca7348a4f25fed2079f2153ecdcf5f9cf2a0bc36c4172420ca09e1849df7b
  md5: 04558c96691bed63104678757beb4f8d
  depends:
  - markupsafe >=2.0
  - python >=3.10
  - python
  license: BSD-3-Clause
  license_family: BSD
  purls:
  - pkg:pypi/jinja2?source=compressed-mapping
  size: 120685
  timestamp: 1764517220861
- conda: https://conda.anaconda.org/conda-forge/linux-64/ld_impl_linux-64-2.45-default_hbd61a6d_104.conda
  sha256: 9e191baf2426a19507f1d0a17be0fdb7aa155cdf0f61d5a09c808e0a69464312
  md5: a6abd2796fc332536735f68ba23f7901
  depends:
  - __glibc >=2.17,<3.0.a0
  - zstd >=1.5.7,<1.6.0a0
  constrains:
  - binutils_impl_linux-64 2.45
  license: GPL-3.0-only
  license_family: GPL
  purls: []
  size: 725545
  timestamp: 1764007826689
- conda: https://conda.anaconda.org/conda-forge/linux-64/libexpat-2.7.3-hecca717_0.conda
  sha256: 1e1b08f6211629cbc2efe7a5bca5953f8f6b3cae0eeb04ca4dacee1bd4e2db2f
  md5: 8b09ae86839581147ef2e5c5e229d164
  depends:
  - __glibc >=2.17,<3.0.a0
  - libgcc >=14
  constrains:
  - expat 2.7.3.*
  license: MIT
  license_family: MIT
  purls: []
  size: 76643
  timestamp: 1763549731408
- conda: https://conda.anaconda.org/conda-forge/linux-64/libffi-3.5.2-h9ec8514_0.conda
  sha256: 25cbdfa65580cfab1b8d15ee90b4c9f1e0d72128f1661449c9a999d341377d54
  md5: 35f29eec58405aaf55e01cb470d8c26a
  depends:
  - __glibc >=2.17,<3.0.a0
  - libgcc >=14
  license: MIT
  license_family: MIT
  purls: []
  size: 57821
  timestamp: 1760295480630
- conda: https://conda.anaconda.org/conda-forge/linux-64/libgcc-15.2.0-he0feb66_16.conda
  sha256: 6eed58051c2e12b804d53ceff5994a350c61baf117ec83f5f10c953a3f311451
  md5: 6d0363467e6ed84f11435eb309f2ff06
  depends:
  - __glibc >=2.17,<3.0.a0
  - _openmp_mutex >=4.5
  constrains:
  - libgcc-ng ==15.2.0=*_16
  - libgomp 15.2.0 he0feb66_16
  license: GPL-3.0-only WITH GCC-exception-3.1
  purls: []
  size: 1042798
  timestamp: 1765256792743
- conda: https://conda.anaconda.org/conda-forge/linux-64/libgomp-15.2.0-he0feb66_16.conda
  sha256: 5b3e5e4e9270ecfcd48f47e3a68f037f5ab0f529ccb223e8e5d5ac75a58fc687
  md5: 26c46f90d0e727e95c6c9498a33a09f3
  depends:
  - __glibc >=2.17,<3.0.a0
  license: GPL-3.0-only WITH GCC-exception-3.1
  purls: []
  size: 603284
  timestamp: 1765256703881
- conda: https://conda.anaconda.org/conda-forge/linux-64/liblzma-5.8.1-hb9d3cd8_2.conda
  sha256: f2591c0069447bbe28d4d696b7fcb0c5bd0b4ac582769b89addbcf26fb3430d8
  md5: 1a580f7796c7bf6393fddb8bbbde58dc
  depends:
  - __glibc >=2.17,<3.0.a0
  - libgcc >=13
  constrains:
  - xz 5.8.1.*
  license: 0BSD
  purls: []
  size: 112894
  timestamp: 1749230047870
- conda: https://conda.anaconda.org/conda-forge/linux-64/libmpdec-4.0.0-hb9d3cd8_0.conda
  sha256: 3aa92d4074d4063f2a162cd8ecb45dccac93e543e565c01a787e16a43501f7ee
  md5: c7e925f37e3b40d893459e625f6a53f1
  depends:
  - __glibc >=2.17,<3.0.a0
  - libgcc >=13
  license: BSD-2-Clause
  license_family: BSD
  purls: []
  size: 91183
  timestamp: 1748393666725
- conda: https://conda.anaconda.org/conda-forge/linux-64/libsqlite-3.51.1-h0c1763c_0.conda
  sha256: 6f0e8a812e8e33a4d8b7a0e595efe28373080d27b78ee4828aa4f6649a088454
  md5: 2e1b84d273b01835256e53fd938de355
  depends:
  - __glibc >=2.17,<3.0.a0
  - libgcc >=14
  - libzlib >=1.3.1,<2.0a0
  license: blessing
  purls: []
  size: 938979
  timestamp: 1764359444435
- conda: https://conda.anaconda.org/conda-forge/linux-64/libstdcxx-15.2.0-h934c35e_16.conda
  sha256: 813427918316a00c904723f1dfc3da1bbc1974c5cfe1ed1e704c6f4e0798cbc6
  md5: 68f68355000ec3f1d6f26ea13e8f525f
  depends:
  - __glibc >=2.17,<3.0.a0
  - libgcc 15.2.0 he0feb66_16
  constrains:
  - libstdcxx-ng ==15.2.0=*_16
  license: GPL-3.0-only WITH GCC-exception-3.1
  purls: []
  size: 5856456
  timestamp: 1765256838573
- conda: https://conda.anaconda.org/conda-forge/linux-64/libuuid-2.41.2-h5347b49_1.conda
  sha256: 030447cf827c471abd37092ab9714fde82b8222106f22fde94bc7a64e2704c40
  md5: 41f5c09a211985c3ce642d60721e7c3e
  depends:
  - __glibc >=2.17,<3.0.a0
  - libgcc >=14
  license: BSD-3-Clause
  license_family: BSD
  purls: []
  size: 40235
  timestamp: 1764790744114
- conda: https://conda.anaconda.org/conda-forge/linux-64/libzlib-1.3.1-hb9d3cd8_2.conda
  sha256: d4bfe88d7cb447768e31650f06257995601f89076080e76df55e3112d4e47dc4
  md5: edb0dca6bc32e4f4789199455a1dbeb8
  depends:
  - __glibc >=2.17,<3.0.a0
  - libgcc >=13
  constrains:
  - zlib 1.3.1 *_2
  license: Zlib
  license_family: Other
  purls: []
  size: 60963
  timestamp: 1727963148474
- conda: https://conda.anaconda.org/conda-forge/noarch/markupsafe-3.0.3-pyh7db6752_0.conda
  sha256: e0cbfea51a19b3055ca19428bd9233a25adca956c208abb9d00b21e7259c7e03
  md5: fab1be106a50e20f10fe5228fd1d1651
  depends:
  - python >=3.10
  constrains:
  - jinja2 >=3.0.0
  track_features:
  - markupsafe_no_compile
  license: BSD-3-Clause
  license_family: BSD
  purls:
  - pkg:pypi/markupsafe?source=hash-mapping
  size: 15499
  timestamp: 1759055275624
- conda: https://conda.anaconda.org/conda-forge/linux-64/mypy-1.19.0-py314h56549f7_1.conda
  sha256: 5f737e02dcea646929869752c835ca264978d82a1580226da7aa5725aaf74f66
  md5: 264d4f78dc7aacb0e4763fc012c0116a
  depends:
  - __glibc >=2.17,<3.0.a0
  - libgcc >=14
  - mypy_extensions >=1.0.0
  - pathspec >=0.9.0
  - psutil >=4.0
  - python >=3.14,<3.15.0a0
  - python-librt >=0.6.2
  - python_abi 3.14.* *_cp314t
  - typing_extensions >=4.6.0
  license: MIT
  license_family: MIT
  size: 21303198
  timestamp: 1764427199958
- conda: https://conda.anaconda.org/conda-forge/noarch/mypy_extensions-1.1.0-pyha770c72_0.conda
  sha256: 6ed158e4e5dd8f6a10ad9e525631e35cee8557718f83de7a4e3966b1f772c4b1
  md5: e9c622e0d00fa24a6292279af3ab6d06
  depends:
  - python >=3.9
  license: MIT
  license_family: MIT
  size: 11766
  timestamp: 1745776666688
- conda: https://conda.anaconda.org/conda-forge/linux-64/ncurses-6.5-h2d0b736_3.conda
  sha256: 3fde293232fa3fca98635e1167de6b7c7fda83caf24b9d6c91ec9eefb4f4d586
  md5: 47e340acb35de30501a76c7c799c41d7
  depends:
  - __glibc >=2.17,<3.0.a0
  - libgcc >=13
  license: X11 AND BSD-3-Clause
  purls: []
  size: 891641
  timestamp: 1738195959188
- conda: https://conda.anaconda.org/conda-forge/noarch/nodeenv-1.9.1-pyhd8ed1ab_1.conda
  sha256: 3636eec0e60466a00069b47ce94b6d88b01419b6577d8e393da44bb5bc8d3468
  md5: 7ba3f09fceae6a120d664217e58fe686
  depends:
  - python >=3.9
  - setuptools
  license: BSD-3-Clause
  license_family: BSD
  size: 34574
  timestamp: 1734112236147
- conda: https://conda.anaconda.org/conda-forge/linux-64/openssl-3.6.0-h26f9b46_0.conda
  sha256: a47271202f4518a484956968335b2521409c8173e123ab381e775c358c67fe6d
  md5: 9ee58d5c534af06558933af3c845a780
  depends:
  - __glibc >=2.17,<3.0.a0
  - ca-certificates
  - libgcc >=14
  license: Apache-2.0
  license_family: Apache
  purls: []
  size: 3165399
  timestamp: 1762839186699
- conda: https://conda.anaconda.org/conda-forge/linux-64/pandoc-3.8.3-ha770c72_0.conda
  sha256: 87ec986d1e0d16d9d2aa149653abeb73d1ac4bd9e6d7dc13ba33ec00134c8a7a
  md5: 0e4aa34e44a68aeb850349fe51a6a3d0
  license: GPL-2.0-or-later
  license_family: GPL
  purls: []
  size: 22458834
  timestamp: 1764589637843
- conda: https://conda.anaconda.org/conda-forge/noarch/pathspec-0.12.1-pyhd8ed1ab_1.conda
  sha256: 9f64009cdf5b8e529995f18e03665b03f5d07c0b17445b8badef45bde76249ee
  md5: 617f15191456cc6a13db418a275435e5
  depends:
  - python >=3.9
  license: MPL-2.0
  license_family: MOZILLA
  size: 41075
  timestamp: 1733233471940
- conda: https://conda.anaconda.org/conda-forge/noarch/platformdirs-4.5.1-pyhcf101f3_0.conda
  sha256: 04c64fb78c520e5c396b6e07bc9082735a5cc28175dbe23138201d0a9441800b
  md5: 1bd2e65c8c7ef24f4639ae6e850dacc2
  depends:
  - python >=3.10
  - python
  license: MIT
  license_family: MIT
  size: 23922
  timestamp: 1764950726246
- conda: https://conda.anaconda.org/conda-forge/noarch/pre-commit-4.5.0-pyha770c72_0.conda
  sha256: 8481f4939b1f81cf0db12456819368b41e3f998e4463e41611de4b13752b2c08
  md5: af8d4882203bccefec6f1aeed70030c6
  depends:
  - cfgv >=2.0.0
  - identify >=1.0.0
  - nodeenv >=0.11.1
  - python >=3.10
  - pyyaml >=5.1
  - virtualenv >=20.10.0
  license: MIT
  license_family: MIT
  size: 201265
  timestamp: 1764067809524
- conda: https://conda.anaconda.org/conda-forge/linux-64/psutil-7.1.3-py314h3f2afee_0.conda
  sha256: 274e4c553e9571e7176b5a3ab2652acbe0517bcf8fe85957a196d1c5be34c08e
  md5: 309cbf84aa9903c31efb48f13093c0bc
  depends:
  - python
  - __glibc >=2.17,<3.0.a0
  - libgcc >=14
  - python_abi 3.14.* *_cp314t
  license: BSD-3-Clause
  license_family: BSD
  size: 510149
  timestamp: 1762092927255
- conda: https://conda.anaconda.org/conda-forge/noarch/pydantic-2.12.5-pyhcf101f3_1.conda
  sha256: 868569d9505b7fe246c880c11e2c44924d7613a8cdcc1f6ef85d5375e892f13d
  md5: c3946ed24acdb28db1b5d63321dbca7d
  depends:
  - typing-inspection >=0.4.2
  - typing_extensions >=4.14.1
  - python >=3.10
  - typing-extensions >=4.6.1
  - annotated-types >=0.6.0
  - pydantic-core ==2.41.5
  - python
  license: MIT
  license_family: MIT
  purls:
  - pkg:pypi/pydantic?source=hash-mapping
  size: 340482
  timestamp: 1764434463101
- conda: https://conda.anaconda.org/conda-forge/linux-64/pydantic-core-2.41.5-py314h2e6c369_1.conda
  sha256: 7e0ae379796e28a429f8e48f2fe22a0f232979d65ec455e91f8dac689247d39f
  md5: 432b0716a1dfac69b86aa38fdd59b7e6
  depends:
  - python
  - typing-extensions >=4.6.0,!=4.7.0
  - libgcc >=14
  - __glibc >=2.17,<3.0.a0
  - python_abi 3.14.* *_cp314
  constrains:
  - __glibc >=2.17
  license: MIT
  license_family: MIT
  purls:
  - pkg:pypi/pydantic-core?source=hash-mapping
  size: 1943088
  timestamp: 1762988995556
- conda: https://conda.anaconda.org/conda-forge/noarch/pypandoc-1.16.2-pyhd8ed1ab_0.conda
  sha256: 358286c452e8e7042eb9287d5c5fee179a614d5ce14b4ae5987312099490c3ce
  md5: e3357dc4b9b50389ebae89e10c79ac2a
  depends:
  - pandoc
  - python >=3.10
  license: MIT
  license_family: MIT
  purls:
  - pkg:pypi/pypandoc?source=hash-mapping
  size: 24039
  timestamp: 1763064485804
- conda: https://conda.anaconda.org/conda-forge/noarch/pysocks-1.7.1-pyha55dd90_7.conda
  sha256: ba3b032fa52709ce0d9fd388f63d330a026754587a2f461117cac9ab73d8d0d8
  md5: 461219d1a5bd61342293efa2c0c90eac
  depends:
  - __unix
  - python >=3.9
  license: BSD-3-Clause
  license_family: BSD
  purls:
  - pkg:pypi/pysocks?source=hash-mapping
  size: 21085
  timestamp: 1733217331982
- conda: https://conda.anaconda.org/conda-forge/linux-64/python-3.14.2-h32b2ec7_100_cp314.conda
  build_number: 100
  sha256: a120fb2da4e4d51dd32918c149b04a08815fd2bd52099dad1334647984bb07f1
  md5: 1cef1236a05c3a98f68c33ae9425f656
  depends:
  - __glibc >=2.17,<3.0.a0
  - bzip2 >=1.0.8,<2.0a0
  - ld_impl_linux-64 >=2.36.1
  - libexpat >=2.7.3,<3.0a0
  - libffi >=3.5.2,<3.6.0a0
  - libgcc >=14
  - liblzma >=5.8.1,<6.0a0
  - libmpdec >=4.0.0,<5.0a0
  - libsqlite >=3.51.1,<4.0a0
  - libuuid >=2.41.2,<3.0a0
  - libzlib >=1.3.1,<2.0a0
  - ncurses >=6.5,<7.0a0
  - openssl >=3.5.4,<4.0a0
  - python_abi 3.14.* *_cp314
  - readline >=8.2,<9.0a0
  - tk >=8.6.13,<8.7.0a0
  - tzdata
  - zstd >=1.5.7,<1.6.0a0
  license: Python-2.0
  purls: []
  size: 36790521
  timestamp: 1765021515427
  python_site_packages_path: lib/python3.14/site-packages
- conda: https://conda.anaconda.org/conda-forge/linux-64/python-3.14.2-he1279bd_0_cp314t.conda
  sha256: 79a4be7901d977858bdf1b0024b30360d8448e30fe38bece903f855b21b88cf6
  md5: 08a2a24f4e6907bea0ebfe22eecae6be
  depends:
  - __glibc >=2.17,<3.0.a0
  - bzip2 >=1.0.8,<2.0a0
  - ld_impl_linux-64 >=2.36.1
  - libexpat >=2.7.3,<3.0a0
  - libffi >=3.5.2,<3.6.0a0
  - libgcc >=14
  - liblzma >=5.8.1,<6.0a0
  - libmpdec >=4.0.0,<5.0a0
  - libsqlite >=3.51.1,<4.0a0
  - libuuid >=2.41.2,<3.0a0
  - libzlib >=1.3.1,<2.0a0
  - ncurses >=6.5,<7.0a0
  - openssl >=3.5.4,<4.0a0
  - python_abi 3.14.* *_cp314t
  - readline >=8.2,<9.0a0
  - tk >=8.6.13,<8.7.0a0
  - tzdata
  - zstd >=1.5.7,<1.6.0a0
  track_features:
  - py_freethreading
  license: Python-2.0
  size: 47658766
  timestamp: 1765021403755
  python_site_packages_path: lib/python3.14t/site-packages
- conda: https://conda.anaconda.org/conda-forge/linux-64/python-librt-0.7.3-py314h3f2afee_0.conda
  sha256: d799153ad76ac4f3cf36c9991368ca18a8c30808871b54d90104591c0c364b86
  md5: 6055c39955de45a56afd8b96729bf466
  depends:
  - python
  - __glibc >=2.17,<3.0.a0
  - libgcc >=14
  - python_abi 3.14.* *_cp314t
  license: MIT
  license_family: MIT
  size: 64161
  timestamp: 1765054556532
- conda: https://conda.anaconda.org/conda-forge/noarch/python_abi-3.14-8_cp314.conda
  build_number: 8
  sha256: ad6d2e9ac39751cc0529dd1566a26751a0bf2542adb0c232533d32e176e21db5
  md5: 0539938c55b6b1a59b560e843ad864a4
  constrains:
  - python 3.14.* *_cp314
  license: BSD-3-Clause
  license_family: BSD
  purls: []
  size: 6989
  timestamp: 1752805904792
- conda: https://conda.anaconda.org/conda-forge/noarch/python_abi-3.14-8_cp314t.conda
  build_number: 8
  sha256: d9ed2538fba61265a330ee1b1afe99a4bb23ace706172b9464546c7e01259d63
  md5: 3251796e09870c978e0f69fa05e38fb6
  constrains:
  - python 3.14.* *_cp314t
  license: BSD-3-Clause
  license_family: BSD
  size: 7020
  timestamp: 1752805919426
- conda: https://conda.anaconda.org/conda-forge/noarch/pyyaml-6.0.3-pyh7db6752_0.conda
  sha256: 828af2fd7bb66afc9ab1c564c2046be391aaf66c0215f05afaf6d7a9a270fe2a
  md5: b12f41c0d7fb5ab81709fcc86579688f
  depends:
  - python >=3.10.*
  - yaml
  track_features:
  - pyyaml_no_compile
  license: MIT
  license_family: MIT
  size: 45223
  timestamp: 1758891992558
- conda: https://conda.anaconda.org/conda-forge/linux-64/readline-8.2-h8c095d6_2.conda
  sha256: 2d6d0c026902561ed77cd646b5021aef2d4db22e57a5b0178dfc669231e06d2c
  md5: 283b96675859b20a825f8fa30f311446
  depends:
  - libgcc >=13
  - ncurses >=6.5,<7.0a0
  license: GPL-3.0-only
  license_family: GPL
  purls: []
  size: 282480
  timestamp: 1740379431762
- conda: https://conda.anaconda.org/conda-forge/noarch/requests-2.32.5-pyhd8ed1ab_0.conda
  sha256: 8dc54e94721e9ab545d7234aa5192b74102263d3e704e6d0c8aa7008f2da2a7b
  md5: db0c6b99149880c8ba515cf4abe93ee4
  depends:
  - certifi >=2017.4.17
  - charset-normalizer >=2,<4
  - idna >=2.5,<4
  - python >=3.9
  - urllib3 >=1.21.1,<3
  constrains:
  - chardet >=3.0.2,<6
  license: Apache-2.0
  license_family: APACHE
  purls:
  - pkg:pypi/requests?source=hash-mapping
  size: 59263
  timestamp: 1755614348400
- conda: https://conda.anaconda.org/conda-forge/linux-64/ruff-0.14.8-h813ae00_0.conda
  noarch: python
  sha256: 4adf379daccb73f03297a6966d1200f6ea65e6a1513d749e7f782e32267fe2bb
  md5: 295ce05c06920527a581a5e148a4eec6
  depends:
  - python
  - __glibc >=2.17,<3.0.a0
  - libgcc >=14
  constrains:
  - __glibc >=2.17
  license: MIT
  license_family: MIT
  size: 11340280
  timestamp: 1764866215629
- conda: https://conda.anaconda.org/conda-forge/noarch/setuptools-80.9.0-pyhff2d567_0.conda
  sha256: 972560fcf9657058e3e1f97186cc94389144b46dbdf58c807ce62e83f977e863
  md5: 4de79c071274a53dcaf2a8c749d1499e
  depends:
  - python >=3.9
  license: MIT
  license_family: MIT
  size: 748788
  timestamp: 1748804951958
- pypi: https://files.pythonhosted.org/packages/9e/bd/3704a8c3e0942d711c1299ebf7b9091930adae6675d7c8f476a7ce48653c/sgmllib3k-1.0.0.tar.gz
  name: sgmllib3k
  version: 1.0.0
  sha256: 7868fb1c8bfa764c1ac563d3cf369c381d1325d36124933a726f29fcdaa812e9
- conda: https://conda.anaconda.org/conda-forge/linux-64/tk-8.6.13-noxft_ha0e22de_103.conda
  sha256: 1544760538a40bcd8ace2b1d8ebe3eb5807ac268641f8acdc18c69c5ebfeaf64
  md5: 86bc20552bf46075e3d92b67f089172d
  depends:
  - __glibc >=2.17,<3.0.a0
  - libgcc >=13
  - libzlib >=1.3.1,<2.0a0
  constrains:
  - xorg-libx11 >=1.8.12,<2.0a0
  license: TCL
  license_family: BSD
  purls: []
  size: 3284905
  timestamp: 1763054914403
- conda: https://conda.anaconda.org/conda-forge/noarch/typing-extensions-4.15.0-h396c80c_0.conda
  sha256: 7c2df5721c742c2a47b2c8f960e718c930031663ac1174da67c1ed5999f7938c
  md5: edd329d7d3a4ab45dcf905899a7a6115
  depends:
  - typing_extensions ==4.15.0 pyhcf101f3_0
  license: PSF-2.0
  license_family: PSF
  purls: []
  size: 91383
  timestamp: 1756220668932
- conda: https://conda.anaconda.org/conda-forge/noarch/typing-inspection-0.4.2-pyhd8ed1ab_1.conda
  sha256: 70db27de58a97aeb7ba7448366c9853f91b21137492e0b4430251a1870aa8ff4
  md5: a0a4a3035667fc34f29bfbd5c190baa6
  depends:
  - python >=3.10
  - typing_extensions >=4.12.0
  license: MIT
  license_family: MIT
  purls:
  - pkg:pypi/typing-inspection?source=compressed-mapping
  size: 18923
  timestamp: 1764158430324
- conda: https://conda.anaconda.org/conda-forge/noarch/typing_extensions-4.15.0-pyhcf101f3_0.conda
  sha256: 032271135bca55aeb156cee361c81350c6f3fb203f57d024d7e5a1fc9ef18731
  md5: 0caa1af407ecff61170c9437a808404d
  depends:
  - python >=3.10
  - python
  license: PSF-2.0
  license_family: PSF
  purls:
  - pkg:pypi/typing-extensions?source=hash-mapping
  size: 51692
  timestamp: 1756220668932
- conda: https://conda.anaconda.org/conda-forge/noarch/tzdata-2025b-h78e105d_0.conda
  sha256: 5aaa366385d716557e365f0a4e9c3fca43ba196872abbbe3d56bb610d131e192
  md5: 4222072737ccff51314b5ece9c7d6f5a
  license: LicenseRef-Public-Domain
  purls: []
  size: 122968
  timestamp: 1742727099393
- conda: https://conda.anaconda.org/conda-forge/noarch/urllib3-2.6.1-pyhd8ed1ab_0.conda
  sha256: a66fc716c9dc6eb048c40381b0d1c5842a1d74bba7ce3d16d80fc0a7232d8644
  md5: fb84f0f6ee8a0ad67213cd1bea98bf5b
  depends:
  - backports.zstd >=1.0.0
  - brotli-python >=1.2.0
  - h2 >=4,<5
  - pysocks >=1.5.6,<2.0,!=1.5.7
  - python >=3.10
  license: MIT
  license_family: MIT
  purls:
  - pkg:pypi/urllib3?source=compressed-mapping
  size: 102817
  timestamp: 1765212810619
- conda: https://conda.anaconda.org/conda-forge/noarch/virtualenv-20.35.4-pyhd8ed1ab_0.conda
  sha256: 77193c99c6626c58446168d3700f9643d8c0dab1f6deb6b9dd039e6872781bfb
  md5: cfccfd4e8d9de82ed75c8e2c91cab375
  depends:
  - distlib >=0.3.7,<1
  - filelock >=3.12.2,<4
  - platformdirs >=3.9.1,<5
  - python >=3.10
  - typing_extensions >=4.13.2
  license: MIT
  license_family: MIT
  size: 4401341
  timestamp: 1761726489722
- conda: https://conda.anaconda.org/conda-forge/linux-64/yaml-0.2.5-h280c20c_3.conda
  sha256: 6d9ea2f731e284e9316d95fa61869fe7bbba33df7929f82693c121022810f4ad
  md5: a77f85f77be52ff59391544bfe73390a
  depends:
  - libgcc >=14
  - __glibc >=2.17,<3.0.a0
  license: MIT
  license_family: MIT
  size: 85189
  timestamp: 1753484064210
- conda: https://conda.anaconda.org/conda-forge/linux-64/zstd-1.5.7-hb78ec9c_6.conda
  sha256: 68f0206ca6e98fea941e5717cec780ed2873ffabc0e1ed34428c061e2c6268c7
  md5: 4a13eeac0b5c8e5b8ab496e6c4ddd829
  depends:
  - __glibc >=2.17,<3.0.a0
  - libzlib >=1.3.1,<2.0a0
  license: BSD-3-Clause
  license_family: BSD
  purls: []
  size: 601375
  timestamp: 1764777111296
